
Microsoft Visual Studio Solution File, Format Version 12.00
# Visual Studio Version 17
VisualStudioVersion = 17.11.35222.181
MinimumVisualStudioVersion = 10.0.40219.1
Project("{FAE04EC0-301F-11D3-BF4B-00C04F79EFBC}") = "SalesSystemPDI2024.API", "SalesSystemPDI2024.API\SalesSystemPDI2024.API.csproj", "{3D354C91-EFC3-4D9C-986E-AA238326D5C2}"
EndProject
Project("{FAE04EC0-301F-11D3-BF4B-00C04F79EFBC}") = "SalesSystemPDI2024.Model", "SalesSystemPDI2024.Model\SalesSystemPDI2024.Model.csproj", "{4F77C01B-4A08-4CDF-B5BF-09AED51577AE}"
EndProject
Project("{FAE04EC0-301F-11D3-BF4B-00C04F79EFBC}") = "SalesSystemPDI2024.Data", "SalesSystemPDI2024.Data\SalesSystemPDI2024.Data.csproj", "{1627B877-1E47-4EC6-A35C-A92C521C7D39}"
EndProject
Global
	GlobalSection(SolutionConfigurationPlatforms) = preSolution
		Debug|Any CPU = Debug|Any CPU
		Release|Any CPU = Release|Any CPU
	EndGlobalSection
	GlobalSection(ProjectConfigurationPlatforms) = postSolution
		{3D354C91-EFC3-4D9C-986E-AA238326D5C2}.Debug|Any CPU.ActiveCfg = Debug|Any CPU
		{3D354C91-EFC3-4D9C-986E-AA238326D5C2}.Debug|Any CPU.Build.0 = Debug|Any CPU
		{3D354C91-EFC3-4D9C-986E-AA238326D5C2}.Release|Any CPU.ActiveCfg = Release|Any CPU
		{3D354C91-EFC3-4D9C-986E-AA238326D5C2}.Release|Any CPU.Build.0 = Release|Any CPU
		{4F77C01B-4A08-4CDF-B5BF-09AED51577AE}.Debug|Any CPU.ActiveCfg = Debug|Any CPU
		{4F77C01B-4A08-4CDF-B5BF-09AED51577AE}.Debug|Any CPU.Build.0 = Debug|Any CPU
		{4F77C01B-4A08-4CDF-B5BF-09AED51577AE}.Release|Any CPU.ActiveCfg = Release|Any CPU
		{4F77C01B-4A08-4CDF-B5BF-09AED51577AE}.Release|Any CPU.Build.0 = Release|Any CPU
		{1627B877-1E47-4EC6-A35C-A92C521C7D39}.Debug|Any CPU.ActiveCfg = Debug|Any CPU
		{1627B877-1E47-4EC6-A35C-A92C521C7D39}.Debug|Any CPU.Build.0 = Debug|Any CPU
		{1627B877-1E47-4EC6-A35C-A92C521C7D39}.Release|Any CPU.ActiveCfg = Release|Any CPU
		{1627B877-1E47-4EC6-A35C-A92C521C7D39}.Release|Any CPU.Build.0 = Release|Any CPU
	EndGlobalSection
	GlobalSection(SolutionProperties) = preSolution
		HideSolutionNode = FALSE
	EndGlobalSection
	GlobalSection(ExtensibilityGlobals) = postSolution
		SolutionGuid = {6E4D7E3F-1CF7-4053-BD60-89A240A07853}
	EndGlobalSection
EndGlobal
